
Microsoft Visual Studio Solution File, Format Version 12.00
# Visual Studio Version 17
VisualStudioVersion = 17.3.32929.385
MinimumVisualStudioVersion = 10.0.40219.1
Project("{8BC9CEB8-8B4A-11D0-8D11-00A0C91BC942}") = "AP_VehicleRentalSystem", "AP_VehicleRentalSystem.vcxproj", "{8CF3EB42-905A-4A1F-8037-7744FFC481EC}"
EndProject
Global
	GlobalSection(SolutionConfigurationPlatforms) = preSolution
		Debug|x64 = Debug|x64
		Debug|x86 = Debug|x86
		Release|x64 = Release|x64
		Release|x86 = Release|x86
	EndGlobalSection
	GlobalSection(ProjectConfigurationPlatforms) = postSolution
		{8CF3EB42-905A-4A1F-8037-7744FFC481EC}.Debug|x64.ActiveCfg = Debug|x64
		{8CF3EB42-905A-4A1F-8037-7744FFC481EC}.Debug|x64.Build.0 = Debug|x64
		{8CF3EB42-905A-4A1F-8037-7744FFC481EC}.Debug|x86.ActiveCfg = Debug|Win32
		{8CF3EB42-905A-4A1F-8037-7744FFC481EC}.Debug|x86.Build.0 = Debug|Win32
		{8CF3EB42-905A-4A1F-8037-7744FFC481EC}.Release|x64.ActiveCfg = Release|x64
		{8CF3EB42-905A-4A1F-8037-7744FFC481EC}.Release|x64.Build.0 = Release|x64
		{8CF3EB42-905A-4A1F-8037-7744FFC481EC}.Release|x86.ActiveCfg = Release|Win32
		{8CF3EB42-905A-4A1F-8037-7744FFC481EC}.Release|x86.Build.0 = Release|Win32
	EndGlobalSection
	GlobalSection(SolutionProperties) = preSolution
		HideSolutionNode = FALSE
	EndGlobalSection
	GlobalSection(ExtensibilityGlobals) = postSolution
		SolutionGuid = {9F0C52CB-216E-403E-998C-58DF98A2F5CE}
	EndGlobalSection
EndGlobal
